{
  "name": "create-nextjs-standard-app",
  "version": "1.3.3",
  "lockfileVersion": 3,
  "requires": true,
  "packages": {
    "": {
      "name": "create-nextjs-standard-app",
      "version": "1.3.3",
      "license": "MIT",
      "bin": {
        "create-nextjs-app": "bin/create-nextjs-standard-app.js"
      }
    }
  }
}
